{
  "version": "4",
  "specifiers": {
    "jsr:@anywidget/deno@0.2": "0.2.0",
    "jsr:@std/assert@~0.220.1": "0.220.1",
    "jsr:@std/csv@1.0.5": "1.0.5",
    "jsr:@std/encoding@^1.0.7": "1.0.7",
    "jsr:@std/path@0.220.1": "0.220.1",
    "jsr:@std/streams@^1.0.8": "1.0.9",
    "npm:linkedom@~0.18.9": "0.18.9",
    "npm:nodejs-polars@0.18.0": "0.18.0",
    "npm:react-dom@19": "19.0.0_react@19.0.0"
  },
  "jsr": {
    "@anywidget/deno@0.2.0": {
      "integrity": "71b9af1644cd05a7ac627f7980824e1b185ebeeb5e54d0a29024cf88085cf4f3",
      "dependencies": [
        "jsr:@std/path"
      ]
    },
    "@std/assert@0.220.1": {
      "integrity": "88710d54f3afdd7a5761e7805abba1f56cd14e4b212feffeb3e73a9f77482425"
    },
    "@std/csv@1.0.5": {
      "integrity": "02006ffd77e84b2bf01968d4e792f0b5cba057c73dc6a89accb96d803493675f",
      "dependencies": [
        "jsr:@std/streams"
      ]
    },
    "@std/encoding@1.0.7": {
      "integrity": "f631247c1698fef289f2de9e2a33d571e46133b38d042905e3eac3715030a82d"
    },
    "@std/path@0.220.1": {
      "integrity": "cc63c1b5e5192e2f718dc2f365a3514fffb26cc0380959bab0f8fb5988a52f0c",
      "dependencies": [
        "jsr:@std/assert"
      ]
    },
    "@std/streams@1.0.9": {
      "integrity": "a9d26b1988cdd7aa7b1f4b51e1c36c1557f3f252880fa6cc5b9f37078b1a5035"
    }
  },
  "npm": {
    "boolbase@1.0.0": {
      "integrity": "sha512-JZOSA7Mo9sNGB8+UjSgzdLtokWAky1zbztM3WRLCbZ70/3cTANmQmOdR7y2g+J0e2WXywy1yS468tY+IruqEww=="
    },
    "css-select@5.1.0": {
      "integrity": "sha512-nwoRF1rvRRnnCqqY7updORDsuqKzqYJ28+oSMaJMMgOauh3fvwHqMS7EZpIPqK8GL+g9mKxF1vP/ZjSeNjEVHg==",
      "dependencies": [
        "boolbase",
        "css-what",
        "domhandler",
        "domutils",
        "nth-check"
      ]
    },
    "css-what@6.1.0": {
      "integrity": "sha512-HTUrgRJ7r4dsZKU6GjmpfRK1O76h97Z8MfS1G0FozR+oF2kG6Vfe8JE6zwrkbxigziPHinCJ+gCPjA9EaBDtRw=="
    },
    "cssom@0.5.0": {
      "integrity": "sha512-iKuQcq+NdHqlAcwUY0o/HL69XQrUaQdMjmStJ8JFmUaiiQErlhrmuigkg/CU4E2J0IyUKUrMAgl36TvN67MqTw=="
    },
    "dom-serializer@2.0.0": {
      "integrity": "sha512-wIkAryiqt/nV5EQKqQpo3SToSOV9J0DnbJqwK7Wv/Trc92zIAYZ4FlMu+JPFW1DfGFt81ZTCGgDEabffXeLyJg==",
      "dependencies": [
        "domelementtype",
        "domhandler",
        "entities@4.5.0"
      ]
    },
    "domelementtype@2.3.0": {
      "integrity": "sha512-OLETBj6w0OsagBwdXnPdN0cnMfF9opN69co+7ZrbfPGrdpPVNBUj02spi6B1N7wChLQiPn4CSH/zJvXw56gmHw=="
    },
    "domhandler@5.0.3": {
      "integrity": "sha512-cgwlv/1iFQiFnU96XXgROh8xTeetsnJiDsTc7TYCLFd9+/WNkIqPTxiM/8pSd8VIrhXGTf1Ny1q1hquVqDJB5w==",
      "dependencies": [
        "domelementtype"
      ]
    },
    "domutils@3.2.2": {
      "integrity": "sha512-6kZKyUajlDuqlHKVX1w7gyslj9MPIXzIFiz/rGu35uC1wMi+kMhQwGhl4lt9unC9Vb9INnY9Z3/ZA3+FhASLaw==",
      "dependencies": [
        "dom-serializer",
        "domelementtype",
        "domhandler"
      ]
    },
    "entities@4.5.0": {
      "integrity": "sha512-V0hjH4dGPh9Ao5p0MoRY6BVqtwCjhz6vI5LT8AJ55H+4g9/4vbHx1I54fS0XuclLhDHArPQCiMjDxjaL8fPxhw=="
    },
    "entities@6.0.0": {
      "integrity": "sha512-aKstq2TDOndCn4diEyp9Uq/Flu2i1GlLkc6XIDQSDMuaFE3OPW5OphLCyQ5SpSJZTb4reN+kTcYru5yIfXoRPw=="
    },
    "html-escaper@3.0.3": {
      "integrity": "sha512-RuMffC89BOWQoY0WKGpIhn5gX3iI54O6nRA0yC124NYVtzjmFWBIiFd8M0x+ZdX0P9R4lADg1mgP8C7PxGOWuQ=="
    },
    "htmlparser2@10.0.0": {
      "integrity": "sha512-TwAZM+zE5Tq3lrEHvOlvwgj1XLWQCtaaibSN11Q+gGBAS7Y1uZSWwXXRe4iF6OXnaq1riyQAPFOBtYc77Mxq0g==",
      "dependencies": [
        "domelementtype",
        "domhandler",
        "domutils",
        "entities@6.0.0"
      ]
    },
    "linkedom@0.18.9": {
      "integrity": "sha512-Pfvhwjs46nBrcQdauQjMXDJZqj6VwN7KStT84xQqmIgD9bPH6UVJ/ESW8y4VHVF2h7di0/P+f4Iln4U5emRcmg==",
      "dependencies": [
        "css-select",
        "cssom",
        "html-escaper",
        "htmlparser2",
        "uhyphen"
      ]
    },
    "nodejs-polars-android-arm64@0.18.0": {
      "integrity": "sha512-ksmL8X2xsMkI9WMlzRw7Mt7csIDfNJVDlyybSDMMAfO1YWfC2aCFUroFc8UnXVK+8bIZXB7W+k1ZzTRhtSxPsQ=="
    },
    "nodejs-polars-darwin-arm64@0.18.0": {
      "integrity": "sha512-Hs8pbyPZCvOLSVoPx6X07vmYu1NmGAvLFYVHry945alesjsMOXZ//9D8psKOsZAh8WRU36CHXHSS18+RxdzLyA=="
    },
    "nodejs-polars-darwin-x64@0.18.0": {
      "integrity": "sha512-AmLHJ4a4ufTAFohr7b7cQmPvn1Owl6AQBwwows447GfwEO65lu0PSUcmJbeiGJcLtjM9Dji6uiJdadRnGXC4sw=="
    },
    "nodejs-polars-linux-arm64-gnu@0.18.0": {
      "integrity": "sha512-lqOA0b6XXd/8D0q4tfrlr9g+awN/lz1WoWlDJXlYDCXeEdiPzodHuKOROi/J8cwcM6RpiWLWviFkJ2FkxZBv7w=="
    },
    "nodejs-polars-linux-arm64-musl@0.18.0": {
      "integrity": "sha512-lylaOGB3c94UBpsDt4XtrS2RJymgICfAnMVlbvN+2bftejh7blDaYTJeLvZr4POHfltpWeSXjl28Zck7goDJCA=="
    },
    "nodejs-polars-linux-x64-gnu@0.18.0": {
      "integrity": "sha512-Gk6HJba0Hrea6yjDEj0u4jArWgry+s8/17g646vJdlcAWoaQYXDdfCseObGjtTqajVkFf2msrn76KWZ2Nadq5A=="
    },
    "nodejs-polars-linux-x64-musl@0.18.0": {
      "integrity": "sha512-KAb72TGTphCUfTZj1mMyDAJ+/3pgifAucWjdCr6aO3Jw4XHJVu6mMRhfDUZgIGWilpwADwPLHnqPjs+qydOoCg=="
    },
    "nodejs-polars-win32-x64-msvc@0.18.0": {
      "integrity": "sha512-jQJST6yDmY/q4kBCCErSaxNrJClL7Dpk7IsdoPrFHXaFzL25nmDxfgow7VWDaEiE45jNL7TXANAgDs7dT61H2Q=="
    },
    "nodejs-polars@0.18.0": {
      "integrity": "sha512-TN0InAOCzXS2Nrpr+8Sh9oAvILBjIoKMscz9P5XDJ+Q2F6EMb39Um9gwRzJ2kmEqYsufw6NwsafgbY41xKwVWg==",
      "dependencies": [
        "nodejs-polars-android-arm64",
        "nodejs-polars-darwin-arm64",
        "nodejs-polars-darwin-x64",
        "nodejs-polars-linux-arm64-gnu",
        "nodejs-polars-linux-arm64-musl",
        "nodejs-polars-linux-x64-gnu",
        "nodejs-polars-linux-x64-musl",
        "nodejs-polars-win32-x64-msvc"
      ]
    },
    "nth-check@2.1.1": {
      "integrity": "sha512-lqjrjmaOoAnWfMmBPL+XNnynZh2+swxiX3WUE0s4yEHI6m+AwrK2UZOimIRl3X/4QctVqS8AiZjFqyOGrMXb/w==",
      "dependencies": [
        "boolbase"
      ]
    },
    "react-dom@19.0.0_react@19.0.0": {
      "integrity": "sha512-4GV5sHFG0e/0AD4X+ySy6UJd3jVl1iNsNHdpad0qhABJ11twS3TTBnseqsKurKcsNqCEFeGL3uLpVChpIO3QfQ==",
      "dependencies": [
        "react",
        "scheduler"
      ]
    },
    "react@19.0.0": {
      "integrity": "sha512-V8AVnmPIICiWpGfm6GLzCR/W5FXLchHop40W4nXBmdlEceh16rCN8O8LNWm5bh5XUX91fh7KpA+W0TgMKmgTpQ=="
    },
    "scheduler@0.25.0": {
      "integrity": "sha512-xFVuu11jh+xcO7JOAGJNOXld8/TcEHK/4CituBUeUb5hqxJLj9YuemAEuvm9gQ/+pgXYfbQuqAkiYu+u7YEsNA=="
    },
    "uhyphen@0.2.0": {
      "integrity": "sha512-qz3o9CHXmJJPGBdqzab7qAYuW8kQGKNEuoHFYrBwV6hWIMcpAmxDLXojcHfFr9US1Pe6zUswEIJIbLI610fuqA=="
    }
  },
  "workspace": {
    "members": {
      "jupyter-helper": {
        "dependencies": [
          "jsr:@anywidget/deno@0.2",
          "jsr:@manzt/quak@^0.0.2",
          "jsr:@std/encoding@^1.0.7",
          "npm:@types/react-dom@^19.0.3",
          "npm:@types/react@^19.0.8",
          "npm:@uwdata/flechette@^1.1.2",
          "npm:@uwdata/mosaic-core@0.11",
          "npm:ag-grid-community@^33.1.0",
          "npm:linkedom@~0.18.9",
          "npm:nodejs-polars@0.18",
          "npm:react-dom@19",
          "npm:react@19"
        ]
      }
    }
  }
}
